
Microsoft Visual Studio Solution File, Format Version 12.00
# Visual Studio Version 17
VisualStudioVersion = 17.3.32922.545
MinimumVisualStudioVersion = 10.0.40219.1
Project("{FAE04EC0-301F-11D3-BF4B-00C04F79EFBC}") = "2.Ejercicio3", "2.Ejercicio3.csproj", "{E851D900-787E-485C-8884-DC5F828C31CC}"
EndProject
Global
	GlobalSection(SolutionConfigurationPlatforms) = preSolution
		Debug|Any CPU = Debug|Any CPU
		Release|Any CPU = Release|Any CPU
	EndGlobalSection
	GlobalSection(ProjectConfigurationPlatforms) = postSolution
		{E851D900-787E-485C-8884-DC5F828C31CC}.Debug|Any CPU.ActiveCfg = Debug|Any CPU
		{E851D900-787E-485C-8884-DC5F828C31CC}.Debug|Any CPU.Build.0 = Debug|Any CPU
		{E851D900-787E-485C-8884-DC5F828C31CC}.Release|Any CPU.ActiveCfg = Release|Any CPU
		{E851D900-787E-485C-8884-DC5F828C31CC}.Release|Any CPU.Build.0 = Release|Any CPU
	EndGlobalSection
	GlobalSection(SolutionProperties) = preSolution
		HideSolutionNode = FALSE
	EndGlobalSection
	GlobalSection(ExtensibilityGlobals) = postSolution
		SolutionGuid = {B916AA8E-50F4-4489-B780-3F3F05A31765}
	EndGlobalSection
EndGlobal
